
Microsoft Visual Studio Solution File, Format Version 12.00
# Visual Studio Version 17
VisualStudioVersion = 17.11.35327.3
MinimumVisualStudioVersion = 10.0.40219.1
Project("{9A19103F-16F7-4668-BE54-9A1E7A4F7556}") = "INFINIT.Api", "INFINIT.Api.csproj", "{3E0281FF-C54C-457D-A105-C53FD4E5331D}"
EndProject
Project("{FAE04EC0-301F-11D3-BF4B-00C04F79EFBC}") = "INFINIT.Configurations", "..\INFINIT.Configurations\INFINIT.Configurations.csproj", "{083B4D94-635C-4FA1-9D9E-1A3BA963BB9A}"
EndProject
Project("{FAE04EC0-301F-11D3-BF4B-00C04F79EFBC}") = "INFINIT.DataLayer", "..\INFINIT.DataLayer\INFINIT.DataLayer.csproj", "{D9CF5F53-9262-4BA6-AEF8-69AECBF4888B}"
EndProject
Project("{FAE04EC0-301F-11D3-BF4B-00C04F79EFBC}") = "INFINIT.ServiceLayer", "..\INFINIT.ServiceLayer\INFINIT.ServiceLayer.csproj", "{7F960C60-55E0-4C35-97F7-4BF965FD1921}"
EndProject
Project("{FAE04EC0-301F-11D3-BF4B-00C04F79EFBC}") = "INFINIT.Tests", "..\INFINIT.Tests\INFINIT.Tests.csproj", "{0A2809F3-B9CF-45EF-81B8-75C1E2D1EC98}"
EndProject
Global
	GlobalSection(SolutionConfigurationPlatforms) = preSolution
		Debug|Any CPU = Debug|Any CPU
		Release|Any CPU = Release|Any CPU
	EndGlobalSection
	GlobalSection(ProjectConfigurationPlatforms) = postSolution
		{3E0281FF-C54C-457D-A105-C53FD4E5331D}.Debug|Any CPU.ActiveCfg = Debug|Any CPU
		{3E0281FF-C54C-457D-A105-C53FD4E5331D}.Debug|Any CPU.Build.0 = Debug|Any CPU
		{3E0281FF-C54C-457D-A105-C53FD4E5331D}.Release|Any CPU.ActiveCfg = Release|Any CPU
		{3E0281FF-C54C-457D-A105-C53FD4E5331D}.Release|Any CPU.Build.0 = Release|Any CPU
		{083B4D94-635C-4FA1-9D9E-1A3BA963BB9A}.Debug|Any CPU.ActiveCfg = Debug|Any CPU
		{083B4D94-635C-4FA1-9D9E-1A3BA963BB9A}.Debug|Any CPU.Build.0 = Debug|Any CPU
		{083B4D94-635C-4FA1-9D9E-1A3BA963BB9A}.Release|Any CPU.ActiveCfg = Release|Any CPU
		{083B4D94-635C-4FA1-9D9E-1A3BA963BB9A}.Release|Any CPU.Build.0 = Release|Any CPU
		{D9CF5F53-9262-4BA6-AEF8-69AECBF4888B}.Debug|Any CPU.ActiveCfg = Debug|Any CPU
		{D9CF5F53-9262-4BA6-AEF8-69AECBF4888B}.Debug|Any CPU.Build.0 = Debug|Any CPU
		{D9CF5F53-9262-4BA6-AEF8-69AECBF4888B}.Release|Any CPU.ActiveCfg = Release|Any CPU
		{D9CF5F53-9262-4BA6-AEF8-69AECBF4888B}.Release|Any CPU.Build.0 = Release|Any CPU
		{7F960C60-55E0-4C35-97F7-4BF965FD1921}.Debug|Any CPU.ActiveCfg = Debug|Any CPU
		{7F960C60-55E0-4C35-97F7-4BF965FD1921}.Debug|Any CPU.Build.0 = Debug|Any CPU
		{7F960C60-55E0-4C35-97F7-4BF965FD1921}.Release|Any CPU.ActiveCfg = Release|Any CPU
		{7F960C60-55E0-4C35-97F7-4BF965FD1921}.Release|Any CPU.Build.0 = Release|Any CPU
		{0A2809F3-B9CF-45EF-81B8-75C1E2D1EC98}.Debug|Any CPU.ActiveCfg = Debug|Any CPU
		{0A2809F3-B9CF-45EF-81B8-75C1E2D1EC98}.Debug|Any CPU.Build.0 = Debug|Any CPU
		{0A2809F3-B9CF-45EF-81B8-75C1E2D1EC98}.Release|Any CPU.ActiveCfg = Release|Any CPU
		{0A2809F3-B9CF-45EF-81B8-75C1E2D1EC98}.Release|Any CPU.Build.0 = Release|Any CPU
	EndGlobalSection
	GlobalSection(SolutionProperties) = preSolution
		HideSolutionNode = FALSE
	EndGlobalSection
	GlobalSection(ExtensibilityGlobals) = postSolution
		SolutionGuid = {EE3BA071-6B8F-48C6-A2AD-70C84921F35C}
	EndGlobalSection
EndGlobal
